
Microsoft Visual Studio Solution File, Format Version 12.00
# Visual Studio Version 16
VisualStudioVersion = 16.0.31624.102
MinimumVisualStudioVersion = 10.0.40219.1
Project("{FAE04EC0-301F-11D3-BF4B-00C04F79EFBC}") = "1-ByteBank", "1-ByteBank\1-ByteBank.csproj", "{0CCEBFF5-70C0-4B71-B9A1-64FB2CD4A049}"
EndProject
Project("{FAE04EC0-301F-11D3-BF4B-00C04F79EFBC}") = "2-ByteBank", "2-ByteBank\2-ByteBank.csproj", "{4D86EE8D-69EF-4861-B31A-F41593CEB328}"
EndProject
Project("{FAE04EC0-301F-11D3-BF4B-00C04F79EFBC}") = "3-ByteBank", "3-ByteBank\3-ByteBank.csproj", "{6DAC6F09-4877-4622-A7DA-B9F836B85F54}"
EndProject
Project("{FAE04EC0-301F-11D3-BF4B-00C04F79EFBC}") = "4-ByteBank", "4-ByteBank\4-ByteBank.csproj", "{EADB4166-5EDF-45A9-B33F-65AD767F39E9}"
EndProject
Project("{FAE04EC0-301F-11D3-BF4B-00C04F79EFBC}") = "5-ByteBank", "5-ByteBank\5-ByteBank.csproj", "{7C246B0B-C6A2-4D4C-BCFD-6CEB3296771A}"
EndProject
Global
	GlobalSection(SolutionConfigurationPlatforms) = preSolution
		Debug|Any CPU = Debug|Any CPU
		Release|Any CPU = Release|Any CPU
	EndGlobalSection
	GlobalSection(ProjectConfigurationPlatforms) = postSolution
		{0CCEBFF5-70C0-4B71-B9A1-64FB2CD4A049}.Debug|Any CPU.ActiveCfg = Debug|Any CPU
		{0CCEBFF5-70C0-4B71-B9A1-64FB2CD4A049}.Debug|Any CPU.Build.0 = Debug|Any CPU
		{0CCEBFF5-70C0-4B71-B9A1-64FB2CD4A049}.Release|Any CPU.ActiveCfg = Release|Any CPU
		{0CCEBFF5-70C0-4B71-B9A1-64FB2CD4A049}.Release|Any CPU.Build.0 = Release|Any CPU
		{4D86EE8D-69EF-4861-B31A-F41593CEB328}.Debug|Any CPU.ActiveCfg = Debug|Any CPU
		{4D86EE8D-69EF-4861-B31A-F41593CEB328}.Debug|Any CPU.Build.0 = Debug|Any CPU
		{4D86EE8D-69EF-4861-B31A-F41593CEB328}.Release|Any CPU.ActiveCfg = Release|Any CPU
		{4D86EE8D-69EF-4861-B31A-F41593CEB328}.Release|Any CPU.Build.0 = Release|Any CPU
		{6DAC6F09-4877-4622-A7DA-B9F836B85F54}.Debug|Any CPU.ActiveCfg = Debug|Any CPU
		{6DAC6F09-4877-4622-A7DA-B9F836B85F54}.Debug|Any CPU.Build.0 = Debug|Any CPU
		{6DAC6F09-4877-4622-A7DA-B9F836B85F54}.Release|Any CPU.ActiveCfg = Release|Any CPU
		{6DAC6F09-4877-4622-A7DA-B9F836B85F54}.Release|Any CPU.Build.0 = Release|Any CPU
		{EADB4166-5EDF-45A9-B33F-65AD767F39E9}.Debug|Any CPU.ActiveCfg = Debug|Any CPU
		{EADB4166-5EDF-45A9-B33F-65AD767F39E9}.Debug|Any CPU.Build.0 = Debug|Any CPU
		{EADB4166-5EDF-45A9-B33F-65AD767F39E9}.Release|Any CPU.ActiveCfg = Release|Any CPU
		{EADB4166-5EDF-45A9-B33F-65AD767F39E9}.Release|Any CPU.Build.0 = Release|Any CPU
		{7C246B0B-C6A2-4D4C-BCFD-6CEB3296771A}.Debug|Any CPU.ActiveCfg = Debug|Any CPU
		{7C246B0B-C6A2-4D4C-BCFD-6CEB3296771A}.Debug|Any CPU.Build.0 = Debug|Any CPU
		{7C246B0B-C6A2-4D4C-BCFD-6CEB3296771A}.Release|Any CPU.ActiveCfg = Release|Any CPU
		{7C246B0B-C6A2-4D4C-BCFD-6CEB3296771A}.Release|Any CPU.Build.0 = Release|Any CPU
	EndGlobalSection
	GlobalSection(SolutionProperties) = preSolution
		HideSolutionNode = FALSE
	EndGlobalSection
	GlobalSection(ExtensibilityGlobals) = postSolution
		SolutionGuid = {BD47826D-0B3C-4E8F-BC9D-DF0114E52A4C}
	EndGlobalSection
EndGlobal
